
Microsoft Visual Studio Solution File, Format Version 12.00
# Visual Studio Version 17
VisualStudioVersion = 17.10.35013.160
MinimumVisualStudioVersion = 10.0.40219.1
Project("{FAE04EC0-301F-11D3-BF4B-00C04F79EFBC}") = "SampleHealthApp", "SampleHealthApp\SampleHealthApp.csproj", "{CC460085-4C44-463B-B37A-B87988B6ED53}"
EndProject
Global
	GlobalSection(SolutionConfigurationPlatforms) = preSolution
		Debug|Any CPU = Debug|Any CPU
		Release|Any CPU = Release|Any CPU
	EndGlobalSection
	GlobalSection(ProjectConfigurationPlatforms) = postSolution
		{CC460085-4C44-463B-B37A-B87988B6ED53}.Debug|Any CPU.ActiveCfg = Debug|Any CPU
		{CC460085-4C44-463B-B37A-B87988B6ED53}.Debug|Any CPU.Build.0 = Debug|Any CPU
		{CC460085-4C44-463B-B37A-B87988B6ED53}.Debug|Any CPU.Deploy.0 = Debug|Any CPU
		{CC460085-4C44-463B-B37A-B87988B6ED53}.Release|Any CPU.ActiveCfg = Release|Any CPU
		{CC460085-4C44-463B-B37A-B87988B6ED53}.Release|Any CPU.Build.0 = Release|Any CPU
		{CC460085-4C44-463B-B37A-B87988B6ED53}.Release|Any CPU.Deploy.0 = Release|Any CPU
	EndGlobalSection
	GlobalSection(SolutionProperties) = preSolution
		HideSolutionNode = FALSE
	EndGlobalSection
	GlobalSection(ExtensibilityGlobals) = postSolution
		SolutionGuid = {97A4B32F-0DBC-4172-A5C2-04145F5F94CF}
	EndGlobalSection
EndGlobal
